
Microsoft Visual Studio Solution File, Format Version 12.00
# Visual Studio 15
VisualStudioVersion = 15.0.27428.2027
MinimumVisualStudioVersion = 10.0.40219.1
Project("{9A19103F-16F7-4668-BE54-9A1E7A4F7556}") = "SMApp", "SMApp\SMApp.csproj", "{D5C3C866-12C3-478D-B5D6-FE051B6A48F8}"
EndProject
Global
	GlobalSection(SolutionConfigurationPlatforms) = preSolution
		Debug|Any CPU = Debug|Any CPU
		Release|Any CPU = Release|Any CPU
	EndGlobalSection
	GlobalSection(ProjectConfigurationPlatforms) = postSolution
		{D5C3C866-12C3-478D-B5D6-FE051B6A48F8}.Debug|Any CPU.ActiveCfg = Debug|Any CPU
		{D5C3C866-12C3-478D-B5D6-FE051B6A48F8}.Debug|Any CPU.Build.0 = Debug|Any CPU
		{D5C3C866-12C3-478D-B5D6-FE051B6A48F8}.Release|Any CPU.ActiveCfg = Release|Any CPU
		{D5C3C866-12C3-478D-B5D6-FE051B6A48F8}.Release|Any CPU.Build.0 = Release|Any CPU
	EndGlobalSection
	GlobalSection(SolutionProperties) = preSolution
		HideSolutionNode = FALSE
	EndGlobalSection
	GlobalSection(ExtensibilityGlobals) = postSolution
		SolutionGuid = {EADFC8B3-D8E2-4B37-8F13-0034BD3429D6}
	EndGlobalSection
EndGlobal
